{
  "name": "@alumis/spa",
  "version": "1.0.0",
  "lockfileVersion": 1,
  "requires": true,
  "dependencies": {
    "@alumis/semaphore": {
      "version": "1.0.1",
      "resolved": "https://registry.npmjs.org/@alumis/semaphore/-/semaphore-1.0.1.tgz",
      "integrity": "sha512-BvdLAuVZaXGDy7ltdVlBol2YExRr5g22MGGt4nAEIKfMAJFr/HdLzsIbafoz6UZkjDlDRJjKJnntJSj9FcOFZw==",
      "dev": true
    }
  }
}
