{
  "name": "@alumis/spa",
  "version": "2.0.0",
  "lockfileVersion": 1,
  "requires": true,
  "dependencies": {
    "@alumis/observables": {
      "version": "2.0.11",
      "resolved": "https://registry.npmjs.org/@alumis/observables/-/observables-2.0.11.tgz",
      "integrity": "sha512-QUH3JkwwfV31EfKcGITHLhbv8IUOh/Lm2k/En51L7FUnH9/CrT9ySnEtuOlFuyMJEkv884qe5wojs4DiGnnDXA==",
      "dev": true
    },
    "@alumis/utils": {
      "version": "2.0.0",
      "resolved": "https://registry.npmjs.org/@alumis/utils/-/utils-2.0.0.tgz",
      "integrity": "sha512-B1s7D6gCFKIwI5e6OCspRuHpI9dk3OMk4603gE3EtQnKCSlTDl64XsHAL5/UZZ13RLUbLMYXdgCMv+2AqL0D6A==",
      "dev": true
    }
  }
}
